// !$*UTF8*$!
{
	archiveVersion = 1;
	classes = {
	};
	objectVersion = 46;
	objects = {

/* Begin PBXBuildFile section */
		5299CC921945D24900D10EF5 /* Foundation.framework in Frameworks */ = {isa = PBXBuildFile; fileRef = 5299CC911945D24900D10EF5 /* Foundation.framework */; };
		5299CC941945D24900D10EF5 /* CoreGraphics.framework in Frameworks */ = {isa = PBXBuildFile; fileRef = 5299CC931945D24900D10EF5 /* CoreGraphics.framework */; };
		5299CC961945D24900D10EF5 /* UIKit.framework in Frameworks */ = {isa = PBXBuildFile; fileRef = 5299CC951945D24900D10EF5 /* UIKit.framework */; };
		5299CC9C1945D24900D10EF5 /* InfoPlist.strings in Resources */ = {isa = PBXBuildFile; fileRef = 5299CC9A1945D24900D10EF5 /* InfoPlist.strings */; };
		5299CC9E1945D24900D10EF5 /* main.m in Sources */ = {isa = PBXBuildFile; fileRef = 5299CC9D1945D24900D10EF5 /* main.m */; };
		5299CCA21945D24900D10EF5 /* AppDelegate.m in Sources */ = {isa = PBXBuildFile; fileRef = 5299CCA11945D24900D10EF5 /* AppDelegate.m */; };
		5299CCA41945D24900D10EF5 /* Images.xcassets in Resources */ = {isa = PBXBuildFile; fileRef = 5299CCA31945D24900D10EF5 /* Images.xcassets */; };
		5299CCAB1945D24900D10EF5 /* XCTest.framework in Frameworks */ = {isa = PBXBuildFile; fileRef = 5299CCAA1945D24900D10EF5 /* XCTest.framework */; };
		5299CCAC1945D24900D10EF5 /* Foundation.framework in Frameworks */ = {isa = PBXBuildFile; fileRef = 5299CC911945D24900D10EF5 /* Foundation.framework */; };
		5299CCAD1945D24900D10EF5 /* UIKit.framework in Frameworks */ = {isa = PBXBuildFile; fileRef = 5299CC951945D24900D10EF5 /* UIKit.framework */; };
		5299CCB51945D24900D10EF5 /* InfoPlist.strings in Resources */ = {isa = PBXBuildFile; fileRef = 5299CCB31945D24900D10EF5 /* InfoPlist.strings */; };
		5299CCB71945D24900D10EF5 /* iBeaconShowCaseTests.m in Sources */ = {isa = PBXBuildFile; fileRef = 5299CCB61945D24900D10EF5 /* iBeaconShowCaseTests.m */; };
		5299CCC11945D29300D10EF5 /* Main.storyboard in Resources */ = {isa = PBXBuildFile; fileRef = 5299CCC01945D29300D10EF5 /* Main.storyboard */; };
		5299CCC41945D79900D10EF5 /* tumblr_lhwteloYnL1qey5kvo1_500_large.jpg in Resources */ = {isa = PBXBuildFile; fileRef = 5299CCC31945D79900D10EF5 /* tumblr_lhwteloYnL1qey5kvo1_500_large.jpg */; };
		5299CCC61945D7F700D10EF5 /* genting_starbucks_drinks.jpg in Resources */ = {isa = PBXBuildFile; fileRef = 5299CCC51945D7F700D10EF5 /* genting_starbucks_drinks.jpg */; };
		5299CCC81945D84100D10EF5 /* lemon_green_tea.jpg in Resources */ = {isa = PBXBuildFile; fileRef = 5299CCC71945D84100D10EF5 /* lemon_green_tea.jpg */; };
		5299CCCA1945D89200D10EF5 /* Refreshers-2.jpg in Resources */ = {isa = PBXBuildFile; fileRef = 5299CCC91945D89200D10EF5 /* Refreshers-2.jpg */; };
		5299CCCC1945D93100D10EF5 /* Pumpkin_web.jpg in Resources */ = {isa = PBXBuildFile; fileRef = 5299CCCB1945D93100D10EF5 /* Pumpkin_web.jpg */; };
		5299CCCE1945DBF600D10EF5 /* 6c77615c19a7ae3141edbaa035bd5ee93031cb3f9d719217934a27cbe35cf38c._UY363_CR0,0,484,363_.jpg in Resources */ = {isa = PBXBuildFile; fileRef = 5299CCCD1945DBF600D10EF5 /* 6c77615c19a7ae3141edbaa035bd5ee93031cb3f9d719217934a27cbe35cf38c._UY363_CR0,0,484,363_.jpg */; };
		5299CCD01945E01700D10EF5 /* mugs.jpg in Resources */ = {isa = PBXBuildFile; fileRef = 5299CCCF1945E01700D10EF5 /* mugs.jpg */; };
		5299CCD21945E55100D10EF5 /* cart.png in Resources */ = {isa = PBXBuildFile; fileRef = 5299CCD11945E55100D10EF5 /* cart.png */; };
		5299CCD41945E70900D10EF5 /* shopping-cart-7@2x.png in Resources */ = {isa = PBXBuildFile; fileRef = 5299CCD31945E70900D10EF5 /* shopping-cart-7@2x.png */; };
		5299CCD61945E7B300D10EF5 /* coffee-7@2x.png in Resources */ = {isa = PBXBuildFile; fileRef = 5299CCD51945E7B300D10EF5 /* coffee-7@2x.png */; };
		5299CCDC1945F09700D10EF5 /* AddItemTableViewController.m in Sources */ = {isa = PBXBuildFile; fileRef = 5299CCDB1945F09700D10EF5 /* AddItemTableViewController.m */; };
		5299CCDF1945F3E900D10EF5 /* ProductsTableViewController.m in Sources */ = {isa = PBXBuildFile; fileRef = 5299CCDE1945F3E900D10EF5 /* ProductsTableViewController.m */; };
		5299CCE21945F5AB00D10EF5 /* ProductItem.m in Sources */ = {isa = PBXBuildFile; fileRef = 5299CCE11945F5AB00D10EF5 /* ProductItem.m */; };
/* End PBXBuildFile section */

/* Begin PBXContainerItemProxy section */
		5299CCAE1945D24900D10EF5 /* PBXContainerItemProxy */ = {
			isa = PBXContainerItemProxy;
			containerPortal = 5299CC861945D24900D10EF5 /* Project object */;
			proxyType = 1;
			remoteGlobalIDString = 5299CC8D1945D24900D10EF5;
			remoteInfo = iBeaconShowCase;
		};
/* End PBXContainerItemProxy section */

/* Begin PBXFileReference section */
		5299CC8E1945D24900D10EF5 /* iBeaconShowCase.app */ = {isa = PBXFileReference; explicitFileType = wrapper.application; includeInIndex = 0; path = iBeaconShowCase.app; sourceTree = BUILT_PRODUCTS_DIR; };
		5299CC911945D24900D10EF5 /* Foundation.framework */ = {isa = PBXFileReference; lastKnownFileType = wrapper.framework; name = Foundation.framework; path = System/Library/Frameworks/Foundation.framework; sourceTree = SDKROOT; };
		5299CC931945D24900D10EF5 /* CoreGraphics.framework */ = {isa = PBXFileReference; lastKnownFileType = wrapper.framework; name = CoreGraphics.framework; path = System/Library/Frameworks/CoreGraphics.framework; sourceTree = SDKROOT; };
		5299CC951945D24900D10EF5 /* UIKit.framework */ = {isa = PBXFileReference; lastKnownFileType = wrapper.framework; name = UIKit.framework; path = System/Library/Frameworks/UIKit.framework; sourceTree = SDKROOT; };
		5299CC991945D24900D10EF5 /* iBeaconShowCase-Info.plist */ = {isa = PBXFileReference; lastKnownFileType = text.plist.xml; path = "iBeaconShowCase-Info.plist"; sourceTree = "<group>"; };
		5299CC9B1945D24900D10EF5 /* en */ = {isa = PBXFileReference; lastKnownFileType = text.plist.strings; name = en; path = en.lproj/InfoPlist.strings; sourceTree = "<group>"; };
		5299CC9D1945D24900D10EF5 /* main.m */ = {isa = PBXFileReference; lastKnownFileType = sourcecode.c.objc; path = main.m; sourceTree = "<group>"; };
		5299CC9F1945D24900D10EF5 /* iBeaconShowCase-Prefix.pch */ = {isa = PBXFileReference; lastKnownFileType = sourcecode.c.h; path = "iBeaconShowCase-Prefix.pch"; sourceTree = "<group>"; };
		5299CCA01945D24900D10EF5 /* AppDelegate.h */ = {isa = PBXFileReference; lastKnownFileType = sourcecode.c.h; path = AppDelegate.h; sourceTree = "<group>"; };
		5299CCA11945D24900D10EF5 /* AppDelegate.m */ = {isa = PBXFileReference; lastKnownFileType = sourcecode.c.objc; path = AppDelegate.m; sourceTree = "<group>"; };
		5299CCA31945D24900D10EF5 /* Images.xcassets */ = {isa = PBXFileReference; lastKnownFileType = folder.assetcatalog; path = Images.xcassets; sourceTree = "<group>"; };
		5299CCA91945D24900D10EF5 /* iBeaconShowCaseTests.xctest */ = {isa = PBXFileReference; explicitFileType = wrapper.cfbundle; includeInIndex = 0; path = iBeaconShowCaseTests.xctest; sourceTree = BUILT_PRODUCTS_DIR; };
		5299CCAA1945D24900D10EF5 /* XCTest.framework */ = {isa = PBXFileReference; lastKnownFileType = wrapper.framework; name = XCTest.framework; path = Library/Frameworks/XCTest.framework; sourceTree = DEVELOPER_DIR; };
		5299CCB21945D24900D10EF5 /* iBeaconShowCaseTests-Info.plist */ = {isa = PBXFileReference; lastKnownFileType = text.plist.xml; path = "iBeaconShowCaseTests-Info.plist"; sourceTree = "<group>"; };
		5299CCB41945D24900D10EF5 /* en */ = {isa = PBXFileReference; lastKnownFileType = text.plist.strings; name = en; path = en.lproj/InfoPlist.strings; sourceTree = "<group>"; };
		5299CCB61945D24900D10EF5 /* iBeaconShowCaseTests.m */ = {isa = PBXFileReference; lastKnownFileType = sourcecode.c.objc; path = iBeaconShowCaseTests.m; sourceTree = "<group>"; };
		5299CCC01945D29300D10EF5 /* Main.storyboard */ = {isa = PBXFileReference; fileEncoding = 4; lastKnownFileType = file.storyboard; name = Main.storyboard; path = ../Main.storyboard; sourceTree = "<group>"; };
		5299CCC31945D79900D10EF5 /* tumblr_lhwteloYnL1qey5kvo1_500_large.jpg */ = {isa = PBXFileReference; lastKnownFileType = image.jpeg; path = tumblr_lhwteloYnL1qey5kvo1_500_large.jpg; sourceTree = "<group>"; };
		5299CCC51945D7F700D10EF5 /* genting_starbucks_drinks.jpg */ = {isa = PBXFileReference; lastKnownFileType = image.jpeg; path = genting_starbucks_drinks.jpg; sourceTree = "<group>"; };
		5299CCC71945D84100D10EF5 /* lemon_green_tea.jpg */ = {isa = PBXFileReference; lastKnownFileType = image.jpeg; path = lemon_green_tea.jpg; sourceTree = "<group>"; };
		5299CCC91945D89200D10EF5 /* Refreshers-2.jpg */ = {isa = PBXFileReference; lastKnownFileType = image.jpeg; path = "Refreshers-2.jpg"; sourceTree = "<group>"; };
		5299CCCB1945D93100D10EF5 /* Pumpkin_web.jpg */ = {isa = PBXFileReference; lastKnownFileType = image.jpeg; path = Pumpkin_web.jpg; sourceTree = "<group>"; };
		5299CCCD1945DBF600D10EF5 /* 6c77615c19a7ae3141edbaa035bd5ee93031cb3f9d719217934a27cbe35cf38c._UY363_CR0,0,484,363_.jpg */ = {isa = PBXFileReference; lastKnownFileType = image.jpeg; path = "6c77615c19a7ae3141edbaa035bd5ee93031cb3f9d719217934a27cbe35cf38c._UY363_CR0,0,484,363_.jpg"; sourceTree = "<group>"; };
		5299CCCF1945E01700D10EF5 /* mugs.jpg */ = {isa = PBXFileReference; lastKnownFileType = image.jpeg; path = mugs.jpg; sourceTree = "<group>"; };
		5299CCD11945E55100D10EF5 /* cart.png */ = {isa = PBXFileReference; lastKnownFileType = image.png; path = cart.png; sourceTree = "<group>"; };
		5299CCD31945E70900D10EF5 /* shopping-cart-7@2x.png */ = {isa = PBXFileReference; lastKnownFileType = image.png; path = "shopping-cart-7@2x.png"; sourceTree = "<group>"; };
		5299CCD51945E7B300D10EF5 /* coffee-7@2x.png */ = {isa = PBXFileReference; lastKnownFileType = image.png; path = "coffee-7@2x.png"; sourceTree = "<group>"; };
		5299CCDA1945F09700D10EF5 /* AddItemTableViewController.h */ = {isa = PBXFileReference; fileEncoding = 4; lastKnownFileType = sourcecode.c.h; path = AddItemTableViewController.h; sourceTree = "<group>"; };
		5299CCDB1945F09700D10EF5 /* AddItemTableViewController.m */ = {isa = PBXFileReference; fileEncoding = 4; lastKnownFileType = sourcecode.c.objc; path = AddItemTableViewController.m; sourceTree = "<group>"; };
		5299CCDD1945F3E900D10EF5 /* ProductsTableViewController.h */ = {isa = PBXFileReference; fileEncoding = 4; lastKnownFileType = sourcecode.c.h; path = ProductsTableViewController.h; sourceTree = "<group>"; };
		5299CCDE1945F3E900D10EF5 /* ProductsTableViewController.m */ = {isa = PBXFileReference; fileEncoding = 4; lastKnownFileType = sourcecode.c.objc; path = ProductsTableViewController.m; sourceTree = "<group>"; };
		5299CCE01945F5AB00D10EF5 /* ProductItem.h */ = {isa = PBXFileReference; fileEncoding = 4; lastKnownFileType = sourcecode.c.h; path = ProductItem.h; sourceTree = "<group>"; };
		5299CCE11945F5AB00D10EF5 /* ProductItem.m */ = {isa = PBXFileReference; fileEncoding = 4; lastKnownFileType = sourcecode.c.objc; path = ProductItem.m; sourceTree = "<group>"; };
/* End PBXFileReference section */

/* Begin PBXFrameworksBuildPhase section */
		5299CC8B1945D24900D10EF5 /* Frameworks */ = {
			isa = PBXFrameworksBuildPhase;
			buildActionMask = 2147483647;
			files = (
				5299CC941945D24900D10EF5 /* CoreGraphics.framework in Frameworks */,
				5299CC961945D24900D10EF5 /* UIKit.framework in Frameworks */,
				5299CC921945D24900D10EF5 /* Foundation.framework in Frameworks */,
			);
			runOnlyForDeploymentPostprocessing = 0;
		};
		5299CCA61945D24900D10EF5 /* Frameworks */ = {
			isa = PBXFrameworksBuildPhase;
			buildActionMask = 2147483647;
			files = (
				5299CCAB1945D24900D10EF5 /* XCTest.framework in Frameworks */,
				5299CCAD1945D24900D10EF5 /* UIKit.framework in Frameworks */,
				5299CCAC1945D24900D10EF5 /* Foundation.framework in Frameworks */,
			);
			runOnlyForDeploymentPostprocessing = 0;
		};
/* End PBXFrameworksBuildPhase section */

/* Begin PBXGroup section */
		5299CC851945D24900D10EF5 = {
			isa = PBXGroup;
			children = (
				5299CC971945D24900D10EF5 /* iBeaconShowCase */,
				5299CCB01945D24900D10EF5 /* iBeaconShowCaseTests */,
				5299CC901945D24900D10EF5 /* Frameworks */,
				5299CC8F1945D24900D10EF5 /* Products */,
			);
			sourceTree = "<group>";
		};
		5299CC8F1945D24900D10EF5 /* Products */ = {
			isa = PBXGroup;
			children = (
				5299CC8E1945D24900D10EF5 /* iBeaconShowCase.app */,
				5299CCA91945D24900D10EF5 /* iBeaconShowCaseTests.xctest */,
			);
			name = Products;
			sourceTree = "<group>";
		};
		5299CC901945D24900D10EF5 /* Frameworks */ = {
			isa = PBXGroup;
			children = (
				5299CC911945D24900D10EF5 /* Foundation.framework */,
				5299CC931945D24900D10EF5 /* CoreGraphics.framework */,
				5299CC951945D24900D10EF5 /* UIKit.framework */,
				5299CCAA1945D24900D10EF5 /* XCTest.framework */,
			);
			name = Frameworks;
			sourceTree = "<group>";
		};
		5299CC971945D24900D10EF5 /* iBeaconShowCase */ = {
			isa = PBXGroup;
			children = (
				5299CCDA1945F09700D10EF5 /* AddItemTableViewController.h */,
				5299CCDB1945F09700D10EF5 /* AddItemTableViewController.m */,
				5299CCC01945D29300D10EF5 /* Main.storyboard */,
				5299CCDD1945F3E900D10EF5 /* ProductsTableViewController.h */,
				5299CCDE1945F3E900D10EF5 /* ProductsTableViewController.m */,
				5299CCE01945F5AB00D10EF5 /* ProductItem.h */,
				5299CCE11945F5AB00D10EF5 /* ProductItem.m */,
				5299CCA01945D24900D10EF5 /* AppDelegate.h */,
				5299CCA11945D24900D10EF5 /* AppDelegate.m */,
				5299CCA31945D24900D10EF5 /* Images.xcassets */,
				5299CC981945D24900D10EF5 /* Supporting Files */,
			);
			path = iBeaconShowCase;
			sourceTree = "<group>";
		};
		5299CC981945D24900D10EF5 /* Supporting Files */ = {
			isa = PBXGroup;
			children = (
				5299CCC21945D78200D10EF5 /* images */,
				5299CC991945D24900D10EF5 /* iBeaconShowCase-Info.plist */,
				5299CC9A1945D24900D10EF5 /* InfoPlist.strings */,
				5299CC9D1945D24900D10EF5 /* main.m */,
				5299CC9F1945D24900D10EF5 /* iBeaconShowCase-Prefix.pch */,
			);
			name = "Supporting Files";
			sourceTree = "<group>";
		};
		5299CCB01945D24900D10EF5 /* iBeaconShowCaseTests */ = {
			isa = PBXGroup;
			children = (
				5299CCB61945D24900D10EF5 /* iBeaconShowCaseTests.m */,
				5299CCB11945D24900D10EF5 /* Supporting Files */,
			);
			path = iBeaconShowCaseTests;
			sourceTree = "<group>";
		};
		5299CCB11945D24900D10EF5 /* Supporting Files */ = {
			isa = PBXGroup;
			children = (
				5299CCB21945D24900D10EF5 /* iBeaconShowCaseTests-Info.plist */,
				5299CCB31945D24900D10EF5 /* InfoPlist.strings */,
			);
			name = "Supporting Files";
			sourceTree = "<group>";
		};
		5299CCC21945D78200D10EF5 /* images */ = {
			isa = PBXGroup;
			children = (
				5299CCD51945E7B300D10EF5 /* coffee-7@2x.png */,
				5299CCD31945E70900D10EF5 /* shopping-cart-7@2x.png */,
				5299CCD11945E55100D10EF5 /* cart.png */,
				5299CCCF1945E01700D10EF5 /* mugs.jpg */,
				5299CCCD1945DBF600D10EF5 /* 6c77615c19a7ae3141edbaa035bd5ee93031cb3f9d719217934a27cbe35cf38c._UY363_CR0,0,484,363_.jpg */,
				5299CCCB1945D93100D10EF5 /* Pumpkin_web.jpg */,
				5299CCC91945D89200D10EF5 /* Refreshers-2.jpg */,
				5299CCC71945D84100D10EF5 /* lemon_green_tea.jpg */,
				5299CCC51945D7F700D10EF5 /* genting_starbucks_drinks.jpg */,
				5299CCC31945D79900D10EF5 /* tumblr_lhwteloYnL1qey5kvo1_500_large.jpg */,
			);
			name = images;
			sourceTree = "<group>";
		};
/* End PBXGroup section */

/* Begin PBXNativeTarget section */
		5299CC8D1945D24900D10EF5 /* iBeaconShowCase */ = {
			isa = PBXNativeTarget;
			buildConfigurationList = 5299CCBA1945D24900D10EF5 /* Build configuration list for PBXNativeTarget "iBeaconShowCase" */;
			buildPhases = (
				5299CC8A1945D24900D10EF5 /* Sources */,
				5299CC8B1945D24900D10EF5 /* Frameworks */,
				5299CC8C1945D24900D10EF5 /* Resources */,
			);
			buildRules = (
			);
			dependencies = (
			);
			name = iBeaconShowCase;
			productName = iBeaconShowCase;
			productReference = 5299CC8E1945D24900D10EF5 /* iBeaconShowCase.app */;
			productType = "com.apple.product-type.application";
		};
		5299CCA81945D24900D10EF5 /* iBeaconShowCaseTests */ = {
			isa = PBXNativeTarget;
			buildConfigurationList = 5299CCBD1945D24900D10EF5 /* Build configuration list for PBXNativeTarget "iBeaconShowCaseTests" */;
			buildPhases = (
				5299CCA51945D24900D10EF5 /* Sources */,
				5299CCA61945D24900D10EF5 /* Frameworks */,
				5299CCA71945D24900D10EF5 /* Resources */,
			);
			buildRules = (
			);
			dependencies = (
				5299CCAF1945D24900D10EF5 /* PBXTargetDependency */,
			);
			name = iBeaconShowCaseTests;
			productName = iBeaconShowCaseTests;
			productReference = 5299CCA91945D24900D10EF5 /* iBeaconShowCaseTests.xctest */;
			productType = "com.apple.product-type.bundle.unit-test";
		};
/* End PBXNativeTarget section */

/* Begin PBXProject section */
		5299CC861945D24900D10EF5 /* Project object */ = {
			isa = PBXProject;
			attributes = {
				LastUpgradeCheck = 0510;
				ORGANIZATIONNAME = "Tobias Schade";
				TargetAttributes = {
					5299CCA81945D24900D10EF5 = {
						TestTargetID = 5299CC8D1945D24900D10EF5;
					};
				};
			};
			buildConfigurationList = 5299CC891945D24900D10EF5 /* Build configuration list for PBXProject "iBeaconShowCase" */;
			compatibilityVersion = "Xcode 3.2";
			developmentRegion = English;
			hasScannedForEncodings = 0;
			knownRegions = (
				en,
			);
			mainGroup = 5299CC851945D24900D10EF5;
			productRefGroup = 5299CC8F1945D24900D10EF5 /* Products */;
			projectDirPath = "";
			projectRoot = "";
			targets = (
				5299CC8D1945D24900D10EF5 /* iBeaconShowCase */,
				5299CCA81945D24900D10EF5 /* iBeaconShowCaseTests */,
			);
		};
/* End PBXProject section */

/* Begin PBXResourcesBuildPhase section */
		5299CC8C1945D24900D10EF5 /* Resources */ = {
			isa = PBXResourcesBuildPhase;
			buildActionMask = 2147483647;
			files = (
				5299CCC11945D29300D10EF5 /* Main.storyboard in Resources */,
				5299CCD01945E01700D10EF5 /* mugs.jpg in Resources */,
				5299CCD41945E70900D10EF5 /* shopping-cart-7@2x.png in Resources */,
				5299CC9C1945D24900D10EF5 /* InfoPlist.strings in Resources */,
				5299CCD21945E55100D10EF5 /* cart.png in Resources */,
				5299CCCE1945DBF600D10EF5 /* 6c77615c19a7ae3141edbaa035bd5ee93031cb3f9d719217934a27cbe35cf38c._UY363_CR0,0,484,363_.jpg in Resources */,
				5299CCC61945D7F700D10EF5 /* genting_starbucks_drinks.jpg in Resources */,
				5299CCD61945E7B300D10EF5 /* coffee-7@2x.png in Resources */,
				5299CCC41945D79900D10EF5 /* tumblr_lhwteloYnL1qey5kvo1_500_large.jpg in Resources */,
				5299CCC81945D84100D10EF5 /* lemon_green_tea.jpg in Resources */,
				5299CCCA1945D89200D10EF5 /* Refreshers-2.jpg in Resources */,
				5299CCA41945D24900D10EF5 /* Images.xcassets in Resources */,
				5299CCCC1945D93100D10EF5 /* Pumpkin_web.jpg in Resources */,
			);
			runOnlyForDeploymentPostprocessing = 0;
		};
		5299CCA71945D24900D10EF5 /* Resources */ = {
			isa = PBXResourcesBuildPhase;
			buildActionMask = 2147483647;
			files = (
				5299CCB51945D24900D10EF5 /* InfoPlist.strings in Resources */,
			);
			runOnlyForDeploymentPostprocessing = 0;
		};
/* End PBXResourcesBuildPhase section */

/* Begin PBXSourcesBuildPhase section */
		5299CC8A1945D24900D10EF5 /* Sources */ = {
			isa = PBXSourcesBuildPhase;
			buildActionMask = 2147483647;
			files = (
				5299CCDC1945F09700D10EF5 /* AddItemTableViewController.m in Sources */,
				5299CCA21945D24900D10EF5 /* AppDelegate.m in Sources */,
				5299CC9E1945D24900D10EF5 /* main.m in Sources */,
				5299CCDF1945F3E900D10EF5 /* ProductsTableViewController.m in Sources */,
				5299CCE21945F5AB00D10EF5 /* ProductItem.m in Sources */,
			);
			runOnlyForDeploymentPostprocessing = 0;
		};
		5299CCA51945D24900D10EF5 /* Sources */ = {
			isa = PBXSourcesBuildPhase;
			buildActionMask = 2147483647;
			files = (
				5299CCB71945D24900D10EF5 /* iBeaconShowCaseTests.m in Sources */,
			);
			runOnlyForDeploymentPostprocessing = 0;
		};
/* End PBXSourcesBuildPhase section */

/* Begin PBXTargetDependency section */
		5299CCAF1945D24900D10EF5 /* PBXTargetDependency */ = {
			isa = PBXTargetDependency;
			target = 5299CC8D1945D24900D10EF5 /* iBeaconShowCase */;
			targetProxy = 5299CCAE1945D24900D10EF5 /* PBXContainerItemProxy */;
		};
/* End PBXTargetDependency section */

/* Begin PBXVariantGroup section */
		5299CC9A1945D24900D10EF5 /* InfoPlist.strings */ = {
			isa = PBXVariantGroup;
			children = (
				5299CC9B1945D24900D10EF5 /* en */,
			);
			name = InfoPlist.strings;
			sourceTree = "<group>";
		};
		5299CCB31945D24900D10EF5 /* InfoPlist.strings */ = {
			isa = PBXVariantGroup;
			children = (
				5299CCB41945D24900D10EF5 /* en */,
			);
			name = InfoPlist.strings;
			sourceTree = "<group>";
		};
/* End PBXVariantGroup section */

/* Begin XCBuildConfiguration section */
		5299CCB81945D24900D10EF5 /* Debug */ = {
			isa = XCBuildConfiguration;
			buildSettings = {
				ALWAYS_SEARCH_USER_PATHS = NO;
				CLANG_CXX_LANGUAGE_STANDARD = "gnu++0x";
				CLANG_CXX_LIBRARY = "libc++";
				CLANG_ENABLE_MODULES = YES;
				CLANG_ENABLE_OBJC_ARC = YES;
				CLANG_WARN_BOOL_CONVERSION = YES;
				CLANG_WARN_CONSTANT_CONVERSION = YES;
				CLANG_WARN_DIRECT_OBJC_ISA_USAGE = YES_ERROR;
				CLANG_WARN_EMPTY_BODY = YES;
				CLANG_WARN_ENUM_CONVERSION = YES;
				CLANG_WARN_INT_CONVERSION = YES;
				CLANG_WARN_OBJC_ROOT_CLASS = YES_ERROR;
				CLANG_WARN__DUPLICATE_METHOD_MATCH = YES;
				"CODE_SIGN_IDENTITY[sdk=iphoneos*]" = "iPhone Developer";
				COPY_PHASE_STRIP = NO;
				GCC_C_LANGUAGE_STANDARD = gnu99;
				GCC_DYNAMIC_NO_PIC = NO;
				GCC_OPTIMIZATION_LEVEL = 0;
				GCC_PREPROCESSOR_DEFINITIONS = (
					"DEBUG=1",
					"$(inherited)",
				);
				GCC_SYMBOLS_PRIVATE_EXTERN = NO;
				GCC_WARN_64_TO_32_BIT_CONVERSION = YES;
				GCC_WARN_ABOUT_RETURN_TYPE = YES_ERROR;
				GCC_WARN_UNDECLARED_SELECTOR = YES;
				GCC_WARN_UNINITIALIZED_AUTOS = YES_AGGRESSIVE;
				GCC_WARN_UNUSED_FUNCTION = YES;
				GCC_WARN_UNUSED_VARIABLE = YES;
				IPHONEOS_DEPLOYMENT_TARGET = 7.1;
				ONLY_ACTIVE_ARCH = YES;
				SDKROOT = iphoneos;
			};
			name = Debug;
		};
		5299CCB91945D24900D10EF5 /* Release */ = {
			isa = XCBuildConfiguration;
			buildSettings = {
				ALWAYS_SEARCH_USER_PATHS = NO;
				CLANG_CXX_LANGUAGE_STANDARD = "gnu++0x";
				CLANG_CXX_LIBRARY = "libc++";
				CLANG_ENABLE_MODULES = YES;
				CLANG_ENABLE_OBJC_ARC = YES;
				CLANG_WARN_BOOL_CONVERSION = YES;
				CLANG_WARN_CONSTANT_CONVERSION = YES;
				CLANG_WARN_DIRECT_OBJC_ISA_USAGE = YES_ERROR;
				CLANG_WARN_EMPTY_BODY = YES;
				CLANG_WARN_ENUM_CONVERSION = YES;
				CLANG_WARN_INT_CONVERSION = YES;
				CLANG_WARN_OBJC_ROOT_CLASS = YES_ERROR;
				CLANG_WARN__DUPLICATE_METHOD_MATCH = YES;
				"CODE_SIGN_IDENTITY[sdk=iphoneos*]" = "iPhone Developer";
				COPY_PHASE_STRIP = YES;
				ENABLE_NS_ASSERTIONS = NO;
				GCC_C_LANGUAGE_STANDARD = gnu99;
				GCC_WARN_64_TO_32_BIT_CONVERSION = YES;
				GCC_WARN_ABOUT_RETURN_TYPE = YES_ERROR;
				GCC_WARN_UNDECLARED_SELECTOR = YES;
				GCC_WARN_UNINITIALIZED_AUTOS = YES_AGGRESSIVE;
				GCC_WARN_UNUSED_FUNCTION = YES;
				GCC_WARN_UNUSED_VARIABLE = YES;
				IPHONEOS_DEPLOYMENT_TARGET = 7.1;
				SDKROOT = iphoneos;
				VALIDATE_PRODUCT = YES;
			};
			name = Release;
		};
		5299CCBB1945D24900D10EF5 /* Debug */ = {
			isa = XCBuildConfiguration;
			buildSettings = {
				ASSETCATALOG_COMPILER_APPICON_NAME = AppIcon;
				ASSETCATALOG_COMPILER_LAUNCHIMAGE_NAME = LaunchImage;
				GCC_PRECOMPILE_PREFIX_HEADER = YES;
				GCC_PREFIX_HEADER = "iBeaconShowCase/iBeaconShowCase-Prefix.pch";
				INFOPLIST_FILE = "iBeaconShowCase/iBeaconShowCase-Info.plist";
				PRODUCT_NAME = "$(TARGET_NAME)";
				WRAPPER_EXTENSION = app;
			};
			name = Debug;
		};
		5299CCBC1945D24900D10EF5 /* Release */ = {
			isa = XCBuildConfiguration;
			buildSettings = {
				ASSETCATALOG_COMPILER_APPICON_NAME = AppIcon;
				ASSETCATALOG_COMPILER_LAUNCHIMAGE_NAME = LaunchImage;
				GCC_PRECOMPILE_PREFIX_HEADER = YES;
				GCC_PREFIX_HEADER = "iBeaconShowCase/iBeaconShowCase-Prefix.pch";
				INFOPLIST_FILE = "iBeaconShowCase/iBeaconShowCase-Info.plist";
				PRODUCT_NAME = "$(TARGET_NAME)";
				WRAPPER_EXTENSION = app;
			};
			name = Release;
		};
		5299CCBE1945D24900D10EF5 /* Debug */ = {
			isa = XCBuildConfiguration;
			buildSettings = {
				BUNDLE_LOADER = "$(BUILT_PRODUCTS_DIR)/iBeaconShowCase.app/iBeaconShowCase";
				FRAMEWORK_SEARCH_PATHS = (
					"$(SDKROOT)/Developer/Library/Frameworks",
					"$(inherited)",
					"$(DEVELOPER_FRAMEWORKS_DIR)",
				);
				GCC_PRECOMPILE_PREFIX_HEADER = YES;
				GCC_PREFIX_HEADER = "iBeaconShowCase/iBeaconShowCase-Prefix.pch";
				GCC_PREPROCESSOR_DEFINITIONS = (
					"DEBUG=1",
					"$(inherited)",
				);
				INFOPLIST_FILE = "iBeaconShowCaseTests/iBeaconShowCaseTests-Info.plist";
				PRODUCT_NAME = "$(TARGET_NAME)";
				TEST_HOST = "$(BUNDLE_LOADER)";
				WRAPPER_EXTENSION = xctest;
			};
			name = Debug;
		};
		5299CCBF1945D24900D10EF5 /* Release */ = {
			isa = XCBuildConfiguration;
			buildSettings = {
				BUNDLE_LOADER = "$(BUILT_PRODUCTS_DIR)/iBeaconShowCase.app/iBeaconShowCase";
				FRAMEWORK_SEARCH_PATHS = (
					"$(SDKROOT)/Developer/Library/Frameworks",
					"$(inherited)",
					"$(DEVELOPER_FRAMEWORKS_DIR)",
				);
				GCC_PRECOMPILE_PREFIX_HEADER = YES;
				GCC_PREFIX_HEADER = "iBeaconShowCase/iBeaconShowCase-Prefix.pch";
				INFOPLIST_FILE = "iBeaconShowCaseTests/iBeaconShowCaseTests-Info.plist";
				PRODUCT_NAME = "$(TARGET_NAME)";
				TEST_HOST = "$(BUNDLE_LOADER)";
				WRAPPER_EXTENSION = xctest;
			};
			name = Release;
		};
/* End XCBuildConfiguration section */

/* Begin XCConfigurationList section */
		5299CC891945D24900D10EF5 /* Build configuration list for PBXProject "iBeaconShowCase" */ = {
			isa = XCConfigurationList;
			buildConfigurations = (
				5299CCB81945D24900D10EF5 /* Debug */,
				5299CCB91945D24900D10EF5 /* Release */,
			);
			defaultConfigurationIsVisible = 0;
			defaultConfigurationName = Release;
		};
		5299CCBA1945D24900D10EF5 /* Build configuration list for PBXNativeTarget "iBeaconShowCase" */ = {
			isa = XCConfigurationList;
			buildConfigurations = (
				5299CCBB1945D24900D10EF5 /* Debug */,
				5299CCBC1945D24900D10EF5 /* Release */,
			);
			defaultConfigurationIsVisible = 0;
			defaultConfigurationName = Release;
		};
		5299CCBD1945D24900D10EF5 /* Build configuration list for PBXNativeTarget "iBeaconShowCaseTests" */ = {
			isa = XCConfigurationList;
			buildConfigurations = (
				5299CCBE1945D24900D10EF5 /* Debug */,
				5299CCBF1945D24900D10EF5 /* Release */,
			);
			defaultConfigurationIsVisible = 0;
			defaultConfigurationName = Release;
		};
/* End XCConfigurationList section */
	};
	rootObject = 5299CC861945D24900D10EF5 /* Project object */;
}
